
Microsoft Visual Studio Solution File, Format Version 12.00
# Visual Studio Version 16
VisualStudioVersion = 16.0.31613.86
MinimumVisualStudioVersion = 10.0.40219.1
Project("{FAE04EC0-301F-11D3-BF4B-00C04F79EFBC}") = "Alexeev74", "Alexeev74.csproj", "{010C1591-D082-413D-BB00-CF9C17F61D03}"
EndProject
Global
	GlobalSection(SolutionConfigurationPlatforms) = preSolution
		Debug|Any CPU = Debug|Any CPU
		Release|Any CPU = Release|Any CPU
	EndGlobalSection
	GlobalSection(ProjectConfigurationPlatforms) = postSolution
		{010C1591-D082-413D-BB00-CF9C17F61D03}.Debug|Any CPU.ActiveCfg = Debug|Any CPU
		{010C1591-D082-413D-BB00-CF9C17F61D03}.Debug|Any CPU.Build.0 = Debug|Any CPU
		{010C1591-D082-413D-BB00-CF9C17F61D03}.Release|Any CPU.ActiveCfg = Release|Any CPU
		{010C1591-D082-413D-BB00-CF9C17F61D03}.Release|Any CPU.Build.0 = Release|Any CPU
	EndGlobalSection
	GlobalSection(SolutionProperties) = preSolution
		HideSolutionNode = FALSE
	EndGlobalSection
	GlobalSection(ExtensibilityGlobals) = postSolution
		SolutionGuid = {33B7CE11-6C74-4149-BE41-BEE5D710C3E9}
	EndGlobalSection
EndGlobal
